<?xml version="1.0" encoding="utf-8"?>
<Project ToolsVersion="4.0" xmlns="http://schemas.microsoft.com/developer/msbuild/2003">
  <ItemGroup>
    <Filter Include="Файлы исходного кода">
      <UniqueIdentifier>{4FC737F1-C7A5-4376-A066-2A32D752A2FF}</UniqueIdentifier>
      <Extensions>cpp;c;cc;cxx;def;odl;idl;hpj;bat;asm;asmx</Extensions>
    </Filter>
    <Filter Include="Заголовочные файлы">
      <UniqueIdentifier>{93995380-89BD-4b04-88EB-625FBE52EBFB}</UniqueIdentifier>
      <Extensions>h;hpp;hxx;hm;inl;inc;xsd</Extensions>
    </Filter>
    <Filter Include="Файлы ресурсов">
      <UniqueIdentifier>{67DA6AB6-F800-4c08-8B7A-83BB121AAD01}</UniqueIdentifier>
      <Extensions>rc;ico;cur;bmp;dlg;rc2;rct;bin;rgs;gif;jpg;jpeg;jpe;resx;tiff;tif;png;wav;mfcribbon-ms</Extensions>
    </Filter>
    <Filter Include="Файлы ресурсов\Resources">
      <UniqueIdentifier>{04e9a21e-6b43-4451-bb0b-9cb6b882d147}</UniqueIdentifier>
    </Filter>
    <Filter Include="Файлы ресурсов\Resources\png">
      <UniqueIdentifier>{6985c681-f7fa-4a50-b43d-d82a234d83e0}</UniqueIdentifier>
    </Filter>
  </ItemGroup>
  <ItemGroup>
    <ClCompile Include="ChessLMV.cpp">
      <Filter>Файлы исходного кода</Filter>
    </ClCompile>
    <ClCompile Include="HelpFunctions.cpp">
      <Filter>Файлы исходного кода</Filter>
    </ClCompile>
    <ClCompile Include="GameWindow.cpp">
      <Filter>Файлы исходного кода</Filter>
    </ClCompile>
    <ClCompile Include="GameObject.cpp">
      <Filter>Файлы исходного кода</Filter>
    </ClCompile>
    <ClCompile Include="IntPoint.cpp">
      <Filter>Файлы исходного кода</Filter>
    </ClCompile>
    <ClCompile Include="Background.cpp">
      <Filter>Файлы исходного кода</Filter>
    </ClCompile>
    <ClCompile Include="GameObjectInsertion.cpp">
      <Filter>Файлы исходного кода</Filter>
    </ClCompile>
    <ClCompile Include="ChessBoard.cpp">
      <Filter>Файлы исходного кода</Filter>
    </ClCompile>
    <ClCompile Include="CellBoard.cpp">
      <Filter>Файлы исходного кода</Filter>
    </ClCompile>
    <ClCompile Include="TextBox.cpp">
      <Filter>Файлы исходного кода</Filter>
    </ClCompile>
    <ClCompile Include="TextMenu.cpp">
      <Filter>Файлы исходного кода</Filter>
    </ClCompile>
    <ClCompile Include="Figure.cpp">
      <Filter>Файлы исходного кода</Filter>
    </ClCompile>
  </ItemGroup>
  <ItemGroup>
    <ClInclude Include="ChessLMV.h">
      <Filter>Заголовочные файлы</Filter>
    </ClInclude>
    <ClInclude Include="HelpFunctions.hpp">
      <Filter>Заголовочные файлы</Filter>
    </ClInclude>
    <ClInclude Include="GameWindow.h">
      <Filter>Заголовочные файлы</Filter>
    </ClInclude>
    <ClInclude Include="GameObject.h">
      <Filter>Заголовочные файлы</Filter>
    </ClInclude>
    <ClInclude Include="IntPoint.h">
      <Filter>Заголовочные файлы</Filter>
    </ClInclude>
    <ClInclude Include="Background.h">
      <Filter>Заголовочные файлы</Filter>
    </ClInclude>
    <ClInclude Include="GameObjectInsertion.h">
      <Filter>Заголовочные файлы</Filter>
    </ClInclude>
    <ClInclude Include="ChessBoard.h">
      <Filter>Заголовочные файлы</Filter>
    </ClInclude>
    <ClInclude Include="CellBoard.h">
      <Filter>Заголовочные файлы</Filter>
    </ClInclude>
    <ClInclude Include="TextBox.h">
      <Filter>Заголовочные файлы</Filter>
    </ClInclude>
    <ClInclude Include="TextMenu.h">
      <Filter>Заголовочные файлы</Filter>
    </ClInclude>
    <ClInclude Include="Figure.h">
      <Filter>Заголовочные файлы</Filter>
    </ClInclude>
    <ClInclude Include="Console.h">
      <Filter>Заголовочные файлы</Filter>
    </ClInclude>
    <ClInclude Include="resource.h">
      <Filter>Заголовочные файлы</Filter>
    </ClInclude>
  </ItemGroup>
  <ItemGroup>
    <None Include="LogFile.log">
      <Filter>Файлы ресурсов</Filter>
    </None>
    <None Include="Resources\Background.png">
      <Filter>Файлы ресурсов\Resources\png</Filter>
    </None>
    <None Include="Resources\ChessBoard.png">
      <Filter>Файлы ресурсов\Resources\png</Filter>
    </None>
    <None Include="Resources\BlackBishop.png">
      <Filter>Файлы ресурсов\Resources\png</Filter>
    </None>
    <None Include="Resources\BlackKing.png">
      <Filter>Файлы ресурсов\Resources\png</Filter>
    </None>
    <None Include="Resources\BlackKnight.png">
      <Filter>Файлы ресурсов\Resources\png</Filter>
    </None>
    <None Include="Resources\BlackPawn.png">
      <Filter>Файлы ресурсов\Resources\png</Filter>
    </None>
    <None Include="Resources\BlackQueen.png">
      <Filter>Файлы ресурсов\Resources\png</Filter>
    </None>
    <None Include="Resources\BlackRook.png">
      <Filter>Файлы ресурсов\Resources\png</Filter>
    </None>
    <None Include="Resources\WhiteBishop.png">
      <Filter>Файлы ресурсов\Resources\png</Filter>
    </None>
    <None Include="Resources\WhiteRook.png">
      <Filter>Файлы ресурсов\Resources\png</Filter>
    </None>
    <None Include="Resources\WhiteKing.png">
      <Filter>Файлы ресурсов\Resources\png</Filter>
    </None>
    <None Include="Resources\WhiteKnight.png">
      <Filter>Файлы ресурсов\Resources\png</Filter>
    </None>
    <None Include="Resources\WhitePawn.png">
      <Filter>Файлы ресурсов\Resources\png</Filter>
    </None>
    <None Include="Resources\WhiteQueen.png">
      <Filter>Файлы ресурсов\Resources\png</Filter>
    </None>
    <None Include="Resources\ChessLMV.ini">
      <Filter>Файлы ресурсов\Resources</Filter>
    </None>
    <None Include="Resources\OldStandardTTItalic.ttf">
      <Filter>Файлы ресурсов\Resources</Filter>
    </None>
    <None Include="Resources\CellSelection.png">
      <Filter>Файлы ресурсов\Resources\png</Filter>
    </None>
    <None Include="..\README.md">
      <Filter>Файлы ресурсов</Filter>
    </None>
    <None Include="Resources\BlackPawnPromotion.png">
      <Filter>Файлы ресурсов\Resources\png</Filter>
    </None>
    <None Include="Resources\WhitePawnPromotion.png">
      <Filter>Файлы ресурсов\Resources\png</Filter>
    </None>
  </ItemGroup>
  <ItemGroup>
    <ResourceCompile Include="ChessLMV.rc">
      <Filter>Файлы ресурсов</Filter>
    </ResourceCompile>
  </ItemGroup>
</Project>